<?xml version="1.0" encoding="utf-8"?>
<Project ToolsVersion="4.0" xmlns="http://schemas.microsoft.com/developer/msbuild/2003">
  <ItemGroup>
    <Filter Include="Исходные файлы">
      <UniqueIdentifier>{4FC737F1-C7A5-4376-A066-2A32D752A2FF}</UniqueIdentifier>
      <Extensions>cpp;c;cc;cxx;c++;cppm;ixx;def;odl;idl;hpj;bat;asm;asmx</Extensions>
    </Filter>
    <Filter Include="Файлы заголовков">
      <UniqueIdentifier>{93995380-89BD-4b04-88EB-625FBE52EBFB}</UniqueIdentifier>
      <Extensions>h;hh;hpp;hxx;h++;hm;inl;inc;ipp;xsd</Extensions>
    </Filter>
    <Filter Include="Файлы ресурсов">
      <UniqueIdentifier>{67DA6AB6-F800-4c08-8B7A-83BB121AAD01}</UniqueIdentifier>
      <Extensions>rc;ico;cur;bmp;dlg;rc2;rct;bin;rgs;gif;jpg;jpeg;jpe;resx;tiff;tif;png;wav;mfcribbon-ms</Extensions>
    </Filter>
    <Filter Include="Исходные файлы\Field">
      <UniqueIdentifier>{b173d68f-701f-4503-bc0a-4012c748f987}</UniqueIdentifier>
    </Filter>
    <Filter Include="Исходные файлы\Map">
      <UniqueIdentifier>{66d02b60-39a9-4324-b76f-6f96efbb436c}</UniqueIdentifier>
    </Filter>
    <Filter Include="Исходные файлы\Solution">
      <UniqueIdentifier>{5dcf213e-2245-4360-baa9-72121fd81514}</UniqueIdentifier>
    </Filter>
    <Filter Include="Исходные файлы\LevelCreation">
      <UniqueIdentifier>{1c2369a3-1cc1-41fa-a4e3-a675850ad062}</UniqueIdentifier>
    </Filter>
    <Filter Include="Исходные файлы\Map\CheckMap">
      <UniqueIdentifier>{28b4a565-5402-4320-9aad-088cbba65fca}</UniqueIdentifier>
    </Filter>
    <Filter Include="Исходные файлы\CheckDifficult">
      <UniqueIdentifier>{e43c8048-b367-483e-8559-7d5e3c525bd4}</UniqueIdentifier>
    </Filter>
    <Filter Include="Исходные файлы\Solution\ExtremeMethod">
      <UniqueIdentifier>{6e96845f-b3bc-4cae-9dab-117218b35e1f}</UniqueIdentifier>
    </Filter>
    <Filter Include="Исходные файлы\Solution\EasyMethod">
      <UniqueIdentifier>{d0889465-b015-49d0-b4cd-7a4d822ef30d}</UniqueIdentifier>
    </Filter>
    <Filter Include="Исходные файлы\Solution\HardMethod">
      <UniqueIdentifier>{4ba42982-9c9a-49a9-875e-cf8fb1422398}</UniqueIdentifier>
    </Filter>
    <Filter Include="Исходные файлы\Solution\NormalMethod">
      <UniqueIdentifier>{8c2cc510-503f-4b34-83bb-cca784334a9f}</UniqueIdentifier>
    </Filter>
    <Filter Include="Исходные файлы\Solution\NormalMethod\Exception">
      <UniqueIdentifier>{639cb436-7acf-42e2-a642-9328bd225374}</UniqueIdentifier>
    </Filter>
    <Filter Include="Исходные файлы\Solution\Method">
      <UniqueIdentifier>{ea8959aa-b05d-49d4-abb1-44ae3fdc6e59}</UniqueIdentifier>
    </Filter>
    <Filter Include="Исходные файлы\Solution\ExtremeMethod\NakedGroup">
      <UniqueIdentifier>{774e42e1-a327-4673-92f0-e4328be7cf7b}</UniqueIdentifier>
    </Filter>
    <Filter Include="Исходные файлы\Cell">
      <UniqueIdentifier>{aeca8ab0-d017-4b62-ade6-9bdf196c0f4d}</UniqueIdentifier>
    </Filter>
    <Filter Include="Исходные файлы\Solution\ExtremeMethod\NakedGroup\NakedCouple">
      <UniqueIdentifier>{a117365a-6b91-478c-ab7b-a1ad1e6c9cb1}</UniqueIdentifier>
    </Filter>
    <Filter Include="Исходные файлы\Solution\ExtremeMethod\NakedGroup\NakedTriplet">
      <UniqueIdentifier>{1d7152f8-54f6-42f7-9bbe-9f3f910c50b6}</UniqueIdentifier>
    </Filter>
    <Filter Include="Исходные файлы\Solution\InsaneMethod">
      <UniqueIdentifier>{5395a668-0a67-41a5-ba69-9d130a8f632e}</UniqueIdentifier>
    </Filter>
    <Filter Include="Исходные файлы\Solution\InsaneMethod\HiddenGroup">
      <UniqueIdentifier>{8b1b1641-366c-494d-b4c7-20fc42431599}</UniqueIdentifier>
    </Filter>
    <Filter Include="Исходные файлы\Solution\InsaneMethod\HiddenGroup\HiddenCouple">
      <UniqueIdentifier>{f82b1cc2-c398-47f9-8e36-427ed5ccc830}</UniqueIdentifier>
    </Filter>
  </ItemGroup>
  <ItemGroup>
    <ClCompile Include="main.cpp">
      <Filter>Исходные файлы</Filter>
    </ClCompile>
    <ClCompile Include="Field.cpp">
      <Filter>Исходные файлы\Field</Filter>
    </ClCompile>
    <ClCompile Include="Map.cpp">
      <Filter>Исходные файлы\Map</Filter>
    </ClCompile>
    <ClCompile Include="Solution.cpp">
      <Filter>Исходные файлы\Solution</Filter>
    </ClCompile>
    <ClCompile Include="LevelCreation.cpp">
      <Filter>Исходные файлы\LevelCreation</Filter>
    </ClCompile>
    <ClCompile Include="CheckMap.cpp">
      <Filter>Исходные файлы\Map\CheckMap</Filter>
    </ClCompile>
    <ClCompile Include="CheckDifficult.cpp">
      <Filter>Исходные файлы\CheckDifficult</Filter>
    </ClCompile>
    <ClCompile Include="EasyMethod.cpp">
      <Filter>Исходные файлы\Solution\EasyMethod</Filter>
    </ClCompile>
    <ClCompile Include="NormalMethod.cpp">
      <Filter>Исходные файлы\Solution\NormalMethod</Filter>
    </ClCompile>
    <ClCompile Include="Exception.cpp">
      <Filter>Исходные файлы\Solution\NormalMethod\Exception</Filter>
    </ClCompile>
    <ClCompile Include="HardMethod.cpp">
      <Filter>Исходные файлы\Solution\HardMethod</Filter>
    </ClCompile>
    <ClCompile Include="Method.cpp">
      <Filter>Исходные файлы\Solution\Method</Filter>
    </ClCompile>
    <ClCompile Include="ExtremeMethod.cpp">
      <Filter>Исходные файлы\Solution\ExtremeMethod</Filter>
    </ClCompile>
    <ClCompile Include="Cell.cpp">
      <Filter>Исходные файлы\Cell</Filter>
    </ClCompile>
    <ClCompile Include="NakedCouple.cpp">
      <Filter>Исходные файлы\Solution\ExtremeMethod\NakedGroup\NakedCouple</Filter>
    </ClCompile>
    <ClCompile Include="NakedTriplet.cpp">
      <Filter>Исходные файлы\Solution\ExtremeMethod\NakedGroup\NakedTriplet</Filter>
    </ClCompile>
    <ClCompile Include="sqlite\shell.c">
      <Filter>Исходные файлы</Filter>
    </ClCompile>
    <ClCompile Include="sqlite\sqlite3.c">
      <Filter>Исходные файлы</Filter>
    </ClCompile>
    <ClCompile Include="InsaneMethod.cpp">
      <Filter>Исходные файлы\Solution\InsaneMethod</Filter>
    </ClCompile>
    <ClCompile Include="HiddenCouple.cpp">
      <Filter>Исходные файлы\Solution\InsaneMethod\HiddenGroup\HiddenCouple</Filter>
    </ClCompile>
    <ClCompile Include="HiddenTriplet.cpp">
      <Filter>Исходные файлы</Filter>
    </ClCompile>
  </ItemGroup>
  <ItemGroup>
    <ClInclude Include="Field.h">
      <Filter>Исходные файлы\Field</Filter>
    </ClInclude>
    <ClInclude Include="Map.h">
      <Filter>Исходные файлы\Map</Filter>
    </ClInclude>
    <ClInclude Include="Solution.h">
      <Filter>Исходные файлы\Solution</Filter>
    </ClInclude>
    <ClInclude Include="LevelCreation.h">
      <Filter>Исходные файлы\LevelCreation</Filter>
    </ClInclude>
    <ClInclude Include="CheckMap.h">
      <Filter>Исходные файлы\Map\CheckMap</Filter>
    </ClInclude>
    <ClInclude Include="CheckDifficult.h">
      <Filter>Исходные файлы\CheckDifficult</Filter>
    </ClInclude>
    <ClInclude Include="EasyMethod.h">
      <Filter>Исходные файлы\Solution\EasyMethod</Filter>
    </ClInclude>
    <ClInclude Include="NormalMethod.h">
      <Filter>Исходные файлы\Solution\NormalMethod</Filter>
    </ClInclude>
    <ClInclude Include="Exception.h">
      <Filter>Исходные файлы\Solution\NormalMethod\Exception</Filter>
    </ClInclude>
    <ClInclude Include="HardMethod.h">
      <Filter>Исходные файлы\Solution\HardMethod</Filter>
    </ClInclude>
    <ClInclude Include="Method.h">
      <Filter>Исходные файлы\Solution\Method</Filter>
    </ClInclude>
    <ClInclude Include="Cell.h">
      <Filter>Исходные файлы\Cell</Filter>
    </ClInclude>
    <ClInclude Include="ExtremeMethod.h">
      <Filter>Исходные файлы\Solution\ExtremeMethod</Filter>
    </ClInclude>
    <ClInclude Include="Point.h">
      <Filter>Исходные файлы</Filter>
    </ClInclude>
    <ClInclude Include="NakedGroup.h">
      <Filter>Исходные файлы\Solution\ExtremeMethod\NakedGroup</Filter>
    </ClInclude>
    <ClInclude Include="NakedCouple.h">
      <Filter>Исходные файлы\Solution\ExtremeMethod\NakedGroup\NakedCouple</Filter>
    </ClInclude>
    <ClInclude Include="NakedTriplet.h">
      <Filter>Исходные файлы\Solution\ExtremeMethod\NakedGroup\NakedTriplet</Filter>
    </ClInclude>
    <ClInclude Include="InsaneMethod.h">
      <Filter>Исходные файлы\Solution\InsaneMethod</Filter>
    </ClInclude>
    <ClInclude Include="common.h">
      <Filter>Исходные файлы</Filter>
    </ClInclude>
    <ClInclude Include="HiddenGroup.h">
      <Filter>Исходные файлы\Solution\InsaneMethod\HiddenGroup</Filter>
    </ClInclude>
    <ClInclude Include="HiddenCouple.h">
      <Filter>Исходные файлы\Solution\InsaneMethod\HiddenGroup\HiddenCouple</Filter>
    </ClInclude>
    <ClInclude Include="HiddenTriplet.h">
      <Filter>Файлы заголовков</Filter>
    </ClInclude>
  </ItemGroup>
</Project>